{
  "requires": true,
  "lockfileVersion": 1,
  "dependencies": {
    "kaazing-enterprise-client": {
      "version": "4.1.0",
      "resolved": "https://registry.npmjs.org/kaazing-enterprise-client/-/kaazing-enterprise-client-4.1.0.tgz",
      "integrity": "sha1-PZT3wEDRvR7eGAmJtZtZOj9eXRo="
    }
  }
}
